{
  "originHash" : "8eea574bee0e614096c09afa423f4beb406c4c5f83f09ff38dbae45a07eb8acc",
  "pins" : [
    {
      "identity" : "kingfisher",
      "kind" : "remoteSourceControl",
      "location" : "https://github.com/onevcat/Kingfisher",
      "state" : {
        "revision" : "2ef543ee21d63734e1c004ad6c870255e8716c50",
        "version" : "7.12.0"
      }
    },
    {
      "identity" : "realm-core",
      "kind" : "remoteSourceControl",
      "location" : "https://github.com/realm/realm-core.git",
      "state" : {
        "revision" : "f889f79a2301208fd9d322d07abfc883b8f2046c",
        "version" : "14.10.2"
      }
    },
    {
      "identity" : "realm-swift",
      "kind" : "remoteSourceControl",
      "location" : "https://github.com/realm/realm-swift.git",
      "state" : {
        "branch" : "master",
        "revision" : "235d0034ee3b25041c708e8aa745e3eb6b334198"
      }
    }
  ],
  "version" : 3
}
