// !$*UTF8*$!
{
	archiveVersion = 1;
	classes = {
	};
	objectVersion = 56;
	objects = {

/* Begin PBXBuildFile section */
		2025BDE42C261B9D00A6BDAC /* YTView.swift in Sources */ = {isa = PBXBuildFile; fileRef = 2025BDE32C261B9D00A6BDAC /* YTView.swift */; };
		2067F35A2C234CD100B12FCA /* IngredientRecipesView.swift in Sources */ = {isa = PBXBuildFile; fileRef = 2067F3592C234CD100B12FCA /* IngredientRecipesView.swift */; };
		2067F35C2C234CFE00B12FCA /* CuisinesRecipesView.swift in Sources */ = {isa = PBXBuildFile; fileRef = 2067F35B2C234CFE00B12FCA /* CuisinesRecipesView.swift */; };
		2067F35E2C234D4B00B12FCA /* CategoriesRecipesView.swift in Sources */ = {isa = PBXBuildFile; fileRef = 2067F35D2C234D4B00B12FCA /* CategoriesRecipesView.swift */; };
		2067F3602C234E8D00B12FCA /* Recipe.swift in Sources */ = {isa = PBXBuildFile; fileRef = 2067F35F2C234E8D00B12FCA /* Recipe.swift */; };
		207B6BD02C0F206A002887BE /* ButtonView.swift in Sources */ = {isa = PBXBuildFile; fileRef = 207B6BCF2C0F206A002887BE /* ButtonView.swift */; };
		207E59E82C28A63E003B6682 /* .gitignore in Resources */ = {isa = PBXBuildFile; fileRef = 207E59E72C28A63E003B6682 /* .gitignore */; };
		20868D112C17539500EEAF84 /* Category.swift in Sources */ = {isa = PBXBuildFile; fileRef = 20868D102C17539500EEAF84 /* Category.swift */; };
		209FB5312C187C0C005DE6C5 /* ContentView.swift in Sources */ = {isa = PBXBuildFile; fileRef = 209FB5302C187C0C005DE6C5 /* ContentView.swift */; };
		209FB5332C187D10005DE6C5 /* IngredientsView.swift in Sources */ = {isa = PBXBuildFile; fileRef = 209FB5322C187D10005DE6C5 /* IngredientsView.swift */; };
		209FB5352C187F6F005DE6C5 /* CuisinesView.swift in Sources */ = {isa = PBXBuildFile; fileRef = 209FB5342C187F6F005DE6C5 /* CuisinesView.swift */; };
		209FB5372C18817C005DE6C5 /* Cuisine.swift in Sources */ = {isa = PBXBuildFile; fileRef = 209FB5362C18817C005DE6C5 /* Cuisine.swift */; };
		209FB5392C18818C005DE6C5 /* Ingredient.swift in Sources */ = {isa = PBXBuildFile; fileRef = 209FB5382C18818C005DE6C5 /* Ingredient.swift */; };
		20A63F622C14C5490083F363 /* NetworkManager.swift in Sources */ = {isa = PBXBuildFile; fileRef = 20A63F612C14C5490083F363 /* NetworkManager.swift */; };
		20A937512C2B084100CFBA29 /* MediaView.swift in Sources */ = {isa = PBXBuildFile; fileRef = 20A937502C2B084100CFBA29 /* MediaView.swift */; };
		20A937532C2B153500CFBA29 /* RecipesView.swift in Sources */ = {isa = PBXBuildFile; fileRef = 20A937522C2B153500CFBA29 /* RecipesView.swift */; };
		20AACCFB2C0DF35E00D97AB4 /* Chef_s_ChoiceApp.swift in Sources */ = {isa = PBXBuildFile; fileRef = 20AACCFA2C0DF35E00D97AB4 /* Chef_s_ChoiceApp.swift */; };
		20AACCFD2C0DF35E00D97AB4 /* WelcomeView.swift in Sources */ = {isa = PBXBuildFile; fileRef = 20AACCFC2C0DF35E00D97AB4 /* WelcomeView.swift */; };
		20AACCFF2C0DF36000D97AB4 /* Assets.xcassets in Resources */ = {isa = PBXBuildFile; fileRef = 20AACCFE2C0DF36000D97AB4 /* Assets.xcassets */; };
		20AACD022C0DF36000D97AB4 /* Preview Assets.xcassets in Resources */ = {isa = PBXBuildFile; fileRef = 20AACD012C0DF36000D97AB4 /* Preview Assets.xcassets */; };
		20AACD092C0DFB8E00D97AB4 /* User.swift in Sources */ = {isa = PBXBuildFile; fileRef = 20AACD082C0DFB8E00D97AB4 /* User.swift */; };
		20AACD0B2C0E191500D97AB4 /* StorageManager.swift in Sources */ = {isa = PBXBuildFile; fileRef = 20AACD0A2C0E191500D97AB4 /* StorageManager.swift */; };
		20AACD0D2C0E1AEB00D97AB4 /* WelcomeViewViewModel.swift in Sources */ = {isa = PBXBuildFile; fileRef = 20AACD0C2C0E1AEB00D97AB4 /* WelcomeViewViewModel.swift */; };
		20C9F5512C2990EC00C048F5 /* Kingfisher in Frameworks */ = {isa = PBXBuildFile; productRef = 20C9F5502C2990EC00C048F5 /* Kingfisher */; };
		20C9F5532C29A74B00C048F5 /* ProfileView.swift in Sources */ = {isa = PBXBuildFile; fileRef = 20C9F5522C29A74B00C048F5 /* ProfileView.swift */; };
		20CADA092C0E1F8D007FBAAF /* RootView.swift in Sources */ = {isa = PBXBuildFile; fileRef = 20CADA082C0E1F8D007FBAAF /* RootView.swift */; };
		20CADA0B2C0E1FAF007FBAAF /* CategoriesView.swift in Sources */ = {isa = PBXBuildFile; fileRef = 20CADA0A2C0E1FAF007FBAAF /* CategoriesView.swift */; };
		20CC54572C24615B00700512 /* RecipeDetailsView.swift in Sources */ = {isa = PBXBuildFile; fileRef = 20CC54562C24615B00700512 /* RecipeDetailsView.swift */; };
/* End PBXBuildFile section */

/* Begin PBXFileReference section */
		2025BDE32C261B9D00A6BDAC /* YTView.swift */ = {isa = PBXFileReference; lastKnownFileType = sourcecode.swift; path = YTView.swift; sourceTree = "<group>"; };
		2067F3592C234CD100B12FCA /* IngredientRecipesView.swift */ = {isa = PBXFileReference; lastKnownFileType = sourcecode.swift; path = IngredientRecipesView.swift; sourceTree = "<group>"; };
		2067F35B2C234CFE00B12FCA /* CuisinesRecipesView.swift */ = {isa = PBXFileReference; lastKnownFileType = sourcecode.swift; path = CuisinesRecipesView.swift; sourceTree = "<group>"; };
		2067F35D2C234D4B00B12FCA /* CategoriesRecipesView.swift */ = {isa = PBXFileReference; lastKnownFileType = sourcecode.swift; path = CategoriesRecipesView.swift; sourceTree = "<group>"; };
		2067F35F2C234E8D00B12FCA /* Recipe.swift */ = {isa = PBXFileReference; lastKnownFileType = sourcecode.swift; path = Recipe.swift; sourceTree = "<group>"; };
		207B6BCF2C0F206A002887BE /* ButtonView.swift */ = {isa = PBXFileReference; lastKnownFileType = sourcecode.swift; path = ButtonView.swift; sourceTree = "<group>"; };
		207E59E72C28A63E003B6682 /* .gitignore */ = {isa = PBXFileReference; lastKnownFileType = text; path = .gitignore; sourceTree = "<group>"; };
		20868D102C17539500EEAF84 /* Category.swift */ = {isa = PBXFileReference; lastKnownFileType = sourcecode.swift; path = Category.swift; sourceTree = "<group>"; };
		209FB5302C187C0C005DE6C5 /* ContentView.swift */ = {isa = PBXFileReference; lastKnownFileType = sourcecode.swift; path = ContentView.swift; sourceTree = "<group>"; };
		209FB5322C187D10005DE6C5 /* IngredientsView.swift */ = {isa = PBXFileReference; lastKnownFileType = sourcecode.swift; path = IngredientsView.swift; sourceTree = "<group>"; };
		209FB5342C187F6F005DE6C5 /* CuisinesView.swift */ = {isa = PBXFileReference; lastKnownFileType = sourcecode.swift; path = CuisinesView.swift; sourceTree = "<group>"; };
		209FB5362C18817C005DE6C5 /* Cuisine.swift */ = {isa = PBXFileReference; lastKnownFileType = sourcecode.swift; path = Cuisine.swift; sourceTree = "<group>"; };
		209FB5382C18818C005DE6C5 /* Ingredient.swift */ = {isa = PBXFileReference; lastKnownFileType = sourcecode.swift; path = Ingredient.swift; sourceTree = "<group>"; };
		20A63F612C14C5490083F363 /* NetworkManager.swift */ = {isa = PBXFileReference; lastKnownFileType = sourcecode.swift; path = NetworkManager.swift; sourceTree = "<group>"; };
		20A937502C2B084100CFBA29 /* MediaView.swift */ = {isa = PBXFileReference; lastKnownFileType = sourcecode.swift; path = MediaView.swift; sourceTree = "<group>"; };
		20A937522C2B153500CFBA29 /* RecipesView.swift */ = {isa = PBXFileReference; lastKnownFileType = sourcecode.swift; path = RecipesView.swift; sourceTree = "<group>"; };
		20AACCF72C0DF35E00D97AB4 /* Chef’s Choice.app */ = {isa = PBXFileReference; explicitFileType = wrapper.application; includeInIndex = 0; path = "Chef’s Choice.app"; sourceTree = BUILT_PRODUCTS_DIR; };
		20AACCFA2C0DF35E00D97AB4 /* Chef_s_ChoiceApp.swift */ = {isa = PBXFileReference; lastKnownFileType = sourcecode.swift; path = Chef_s_ChoiceApp.swift; sourceTree = "<group>"; };
		20AACCFC2C0DF35E00D97AB4 /* WelcomeView.swift */ = {isa = PBXFileReference; lastKnownFileType = sourcecode.swift; path = WelcomeView.swift; sourceTree = "<group>"; };
		20AACCFE2C0DF36000D97AB4 /* Assets.xcassets */ = {isa = PBXFileReference; lastKnownFileType = folder.assetcatalog; path = Assets.xcassets; sourceTree = "<group>"; };
		20AACD012C0DF36000D97AB4 /* Preview Assets.xcassets */ = {isa = PBXFileReference; lastKnownFileType = folder.assetcatalog; path = "Preview Assets.xcassets"; sourceTree = "<group>"; };
		20AACD082C0DFB8E00D97AB4 /* User.swift */ = {isa = PBXFileReference; lastKnownFileType = sourcecode.swift; path = User.swift; sourceTree = "<group>"; };
		20AACD0A2C0E191500D97AB4 /* StorageManager.swift */ = {isa = PBXFileReference; lastKnownFileType = sourcecode.swift; path = StorageManager.swift; sourceTree = "<group>"; };
		20AACD0C2C0E1AEB00D97AB4 /* WelcomeViewViewModel.swift */ = {isa = PBXFileReference; lastKnownFileType = sourcecode.swift; path = WelcomeViewViewModel.swift; sourceTree = "<group>"; };
		20C9F5522C29A74B00C048F5 /* ProfileView.swift */ = {isa = PBXFileReference; lastKnownFileType = sourcecode.swift; path = ProfileView.swift; sourceTree = "<group>"; };
		20CADA082C0E1F8D007FBAAF /* RootView.swift */ = {isa = PBXFileReference; lastKnownFileType = sourcecode.swift; path = RootView.swift; sourceTree = "<group>"; };
		20CADA0A2C0E1FAF007FBAAF /* CategoriesView.swift */ = {isa = PBXFileReference; lastKnownFileType = sourcecode.swift; path = CategoriesView.swift; sourceTree = "<group>"; };
		20CC54562C24615B00700512 /* RecipeDetailsView.swift */ = {isa = PBXFileReference; lastKnownFileType = sourcecode.swift; path = RecipeDetailsView.swift; sourceTree = "<group>"; };
/* End PBXFileReference section */

/* Begin PBXFrameworksBuildPhase section */
		20AACCF42C0DF35E00D97AB4 /* Frameworks */ = {
			isa = PBXFrameworksBuildPhase;
			buildActionMask = 2147483647;
			files = (
				20C9F5512C2990EC00C048F5 /* Kingfisher in Frameworks */,
			);
			runOnlyForDeploymentPostprocessing = 0;
		};
/* End PBXFrameworksBuildPhase section */

/* Begin PBXGroup section */
		207B6BCE2C0EFD25002887BE /* Models */ = {
			isa = PBXGroup;
			children = (
				20AACD082C0DFB8E00D97AB4 /* User.swift */,
				20868D102C17539500EEAF84 /* Category.swift */,
				209FB5362C18817C005DE6C5 /* Cuisine.swift */,
				209FB5382C18818C005DE6C5 /* Ingredient.swift */,
				2067F35F2C234E8D00B12FCA /* Recipe.swift */,
			);
			path = Models;
			sourceTree = "<group>";
		};
		207B6BD12C0F2FC9002887BE /* Services */ = {
			isa = PBXGroup;
			children = (
				20AACD0A2C0E191500D97AB4 /* StorageManager.swift */,
				20A63F612C14C5490083F363 /* NetworkManager.swift */,
			);
			path = Services;
			sourceTree = "<group>";
		};
		207B6BD22C0F7AE8002887BE /* Views */ = {
			isa = PBXGroup;
			children = (
				2025BDE32C261B9D00A6BDAC /* YTView.swift */,
				20A937502C2B084100CFBA29 /* MediaView.swift */,
				20CADA082C0E1F8D007FBAAF /* RootView.swift */,
				207B6BCF2C0F206A002887BE /* ButtonView.swift */,
			);
			path = Views;
			sourceTree = "<group>";
		};
		20AACCEE2C0DF35E00D97AB4 = {
			isa = PBXGroup;
			children = (
				207E59E72C28A63E003B6682 /* .gitignore */,
				20AACCF92C0DF35E00D97AB4 /* Chef’s Choice */,
				20AACCF82C0DF35E00D97AB4 /* Products */,
			);
			sourceTree = "<group>";
		};
		20AACCF82C0DF35E00D97AB4 /* Products */ = {
			isa = PBXGroup;
			children = (
				20AACCF72C0DF35E00D97AB4 /* Chef’s Choice.app */,
			);
			name = Products;
			sourceTree = "<group>";
		};
		20AACCF92C0DF35E00D97AB4 /* Chef’s Choice */ = {
			isa = PBXGroup;
			children = (
				20AACCFA2C0DF35E00D97AB4 /* Chef_s_ChoiceApp.swift */,
				209FB5302C187C0C005DE6C5 /* ContentView.swift */,
				209FB5322C187D10005DE6C5 /* IngredientsView.swift */,
				2067F3592C234CD100B12FCA /* IngredientRecipesView.swift */,
				209FB5342C187F6F005DE6C5 /* CuisinesView.swift */,
				2067F35B2C234CFE00B12FCA /* CuisinesRecipesView.swift */,
				20CADA0A2C0E1FAF007FBAAF /* CategoriesView.swift */,
				2067F35D2C234D4B00B12FCA /* CategoriesRecipesView.swift */,
				20CC54562C24615B00700512 /* RecipeDetailsView.swift */,
				20A937522C2B153500CFBA29 /* RecipesView.swift */,
				20C9F5522C29A74B00C048F5 /* ProfileView.swift */,
				207B6BD22C0F7AE8002887BE /* Views */,
				20CADA072C0E1E41007FBAAF /* WelcomeView */,
				207B6BD12C0F2FC9002887BE /* Services */,
				207B6BCE2C0EFD25002887BE /* Models */,
				20AACCFE2C0DF36000D97AB4 /* Assets.xcassets */,
				20AACD002C0DF36000D97AB4 /* Preview Content */,
			);
			path = "Chef’s Choice";
			sourceTree = "<group>";
		};
		20AACD002C0DF36000D97AB4 /* Preview Content */ = {
			isa = PBXGroup;
			children = (
				20AACD012C0DF36000D97AB4 /* Preview Assets.xcassets */,
			);
			path = "Preview Content";
			sourceTree = "<group>";
		};
		20CADA072C0E1E41007FBAAF /* WelcomeView */ = {
			isa = PBXGroup;
			children = (
				20AACCFC2C0DF35E00D97AB4 /* WelcomeView.swift */,
				20AACD0C2C0E1AEB00D97AB4 /* WelcomeViewViewModel.swift */,
			);
			path = WelcomeView;
			sourceTree = "<group>";
		};
/* End PBXGroup section */

/* Begin PBXNativeTarget section */
		20AACCF62C0DF35E00D97AB4 /* Chef’s Choice */ = {
			isa = PBXNativeTarget;
			buildConfigurationList = 20AACD052C0DF36000D97AB4 /* Build configuration list for PBXNativeTarget "Chef’s Choice" */;
			buildPhases = (
				20AACCF32C0DF35E00D97AB4 /* Sources */,
				20AACCF42C0DF35E00D97AB4 /* Frameworks */,
				20AACCF52C0DF35E00D97AB4 /* Resources */,
			);
			buildRules = (
			);
			dependencies = (
			);
			name = "Chef’s Choice";
			packageProductDependencies = (
				20C9F5502C2990EC00C048F5 /* Kingfisher */,
			);
			productName = "Chef’s Choice";
			productReference = 20AACCF72C0DF35E00D97AB4 /* Chef’s Choice.app */;
			productType = "com.apple.product-type.application";
		};
/* End PBXNativeTarget section */

/* Begin PBXProject section */
		20AACCEF2C0DF35E00D97AB4 /* Project object */ = {
			isa = PBXProject;
			attributes = {
				BuildIndependentTargetsInParallel = 1;
				LastSwiftUpdateCheck = 1540;
				LastUpgradeCheck = 1540;
				TargetAttributes = {
					20AACCF62C0DF35E00D97AB4 = {
						CreatedOnToolsVersion = 15.4;
					};
				};
			};
			buildConfigurationList = 20AACCF22C0DF35E00D97AB4 /* Build configuration list for PBXProject "Chef’s Choice" */;
			compatibilityVersion = "Xcode 14.0";
			developmentRegion = en;
			hasScannedForEncodings = 0;
			knownRegions = (
				en,
				Base,
			);
			mainGroup = 20AACCEE2C0DF35E00D97AB4;
			packageReferences = (
				20C9F54F2C2990EC00C048F5 /* XCRemoteSwiftPackageReference "Kingfisher" */,
			);
			productRefGroup = 20AACCF82C0DF35E00D97AB4 /* Products */;
			projectDirPath = "";
			projectRoot = "";
			targets = (
				20AACCF62C0DF35E00D97AB4 /* Chef’s Choice */,
			);
		};
/* End PBXProject section */

/* Begin PBXResourcesBuildPhase section */
		20AACCF52C0DF35E00D97AB4 /* Resources */ = {
			isa = PBXResourcesBuildPhase;
			buildActionMask = 2147483647;
			files = (
				20AACD022C0DF36000D97AB4 /* Preview Assets.xcassets in Resources */,
				207E59E82C28A63E003B6682 /* .gitignore in Resources */,
				20AACCFF2C0DF36000D97AB4 /* Assets.xcassets in Resources */,
			);
			runOnlyForDeploymentPostprocessing = 0;
		};
/* End PBXResourcesBuildPhase section */

/* Begin PBXSourcesBuildPhase section */
		20AACCF32C0DF35E00D97AB4 /* Sources */ = {
			isa = PBXSourcesBuildPhase;
			buildActionMask = 2147483647;
			files = (
				20AACCFD2C0DF35E00D97AB4 /* WelcomeView.swift in Sources */,
				2067F35A2C234CD100B12FCA /* IngredientRecipesView.swift in Sources */,
				20CC54572C24615B00700512 /* RecipeDetailsView.swift in Sources */,
				20A937512C2B084100CFBA29 /* MediaView.swift in Sources */,
				20CADA0B2C0E1FAF007FBAAF /* CategoriesView.swift in Sources */,
				209FB5352C187F6F005DE6C5 /* CuisinesView.swift in Sources */,
				20A937532C2B153500CFBA29 /* RecipesView.swift in Sources */,
				207B6BD02C0F206A002887BE /* ButtonView.swift in Sources */,
				20A63F622C14C5490083F363 /* NetworkManager.swift in Sources */,
				2067F35C2C234CFE00B12FCA /* CuisinesRecipesView.swift in Sources */,
				20868D112C17539500EEAF84 /* Category.swift in Sources */,
				20AACD0D2C0E1AEB00D97AB4 /* WelcomeViewViewModel.swift in Sources */,
				20CADA092C0E1F8D007FBAAF /* RootView.swift in Sources */,
				20AACCFB2C0DF35E00D97AB4 /* Chef_s_ChoiceApp.swift in Sources */,
				2025BDE42C261B9D00A6BDAC /* YTView.swift in Sources */,
				209FB5312C187C0C005DE6C5 /* ContentView.swift in Sources */,
				20AACD092C0DFB8E00D97AB4 /* User.swift in Sources */,
				209FB5392C18818C005DE6C5 /* Ingredient.swift in Sources */,
				209FB5332C187D10005DE6C5 /* IngredientsView.swift in Sources */,
				2067F35E2C234D4B00B12FCA /* CategoriesRecipesView.swift in Sources */,
				20AACD0B2C0E191500D97AB4 /* StorageManager.swift in Sources */,
				209FB5372C18817C005DE6C5 /* Cuisine.swift in Sources */,
				20C9F5532C29A74B00C048F5 /* ProfileView.swift in Sources */,
				2067F3602C234E8D00B12FCA /* Recipe.swift in Sources */,
			);
			runOnlyForDeploymentPostprocessing = 0;
		};
/* End PBXSourcesBuildPhase section */

/* Begin XCBuildConfiguration section */
		20AACD032C0DF36000D97AB4 /* Debug */ = {
			isa = XCBuildConfiguration;
			buildSettings = {
				ALWAYS_SEARCH_USER_PATHS = NO;
				ASSETCATALOG_COMPILER_GENERATE_SWIFT_ASSET_SYMBOL_EXTENSIONS = YES;
				CLANG_ANALYZER_NONNULL = YES;
				CLANG_ANALYZER_NUMBER_OBJECT_CONVERSION = YES_AGGRESSIVE;
				CLANG_CXX_LANGUAGE_STANDARD = "gnu++20";
				CLANG_ENABLE_MODULES = YES;
				CLANG_ENABLE_OBJC_ARC = YES;
				CLANG_ENABLE_OBJC_WEAK = YES;
				CLANG_WARN_BLOCK_CAPTURE_AUTORELEASING = YES;
				CLANG_WARN_BOOL_CONVERSION = YES;
				CLANG_WARN_COMMA = YES;
				CLANG_WARN_CONSTANT_CONVERSION = YES;
				CLANG_WARN_DEPRECATED_OBJC_IMPLEMENTATIONS = YES;
				CLANG_WARN_DIRECT_OBJC_ISA_USAGE = YES_ERROR;
				CLANG_WARN_DOCUMENTATION_COMMENTS = YES;
				CLANG_WARN_EMPTY_BODY = YES;
				CLANG_WARN_ENUM_CONVERSION = YES;
				CLANG_WARN_INFINITE_RECURSION = YES;
				CLANG_WARN_INT_CONVERSION = YES;
				CLANG_WARN_NON_LITERAL_NULL_CONVERSION = YES;
				CLANG_WARN_OBJC_IMPLICIT_RETAIN_SELF = YES;
				CLANG_WARN_OBJC_LITERAL_CONVERSION = YES;
				CLANG_WARN_OBJC_ROOT_CLASS = YES_ERROR;
				CLANG_WARN_QUOTED_INCLUDE_IN_FRAMEWORK_HEADER = YES;
				CLANG_WARN_RANGE_LOOP_ANALYSIS = YES;
				CLANG_WARN_STRICT_PROTOTYPES = YES;
				CLANG_WARN_SUSPICIOUS_MOVE = YES;
				CLANG_WARN_UNGUARDED_AVAILABILITY = YES_AGGRESSIVE;
				CLANG_WARN_UNREACHABLE_CODE = YES;
				CLANG_WARN__DUPLICATE_METHOD_MATCH = YES;
				COPY_PHASE_STRIP = NO;
				DEBUG_INFORMATION_FORMAT = dwarf;
				ENABLE_STRICT_OBJC_MSGSEND = YES;
				ENABLE_TESTABILITY = YES;
				ENABLE_USER_SCRIPT_SANDBOXING = YES;
				GCC_C_LANGUAGE_STANDARD = gnu17;
				GCC_DYNAMIC_NO_PIC = NO;
				GCC_NO_COMMON_BLOCKS = YES;
				GCC_OPTIMIZATION_LEVEL = 0;
				GCC_PREPROCESSOR_DEFINITIONS = (
					"DEBUG=1",
					"$(inherited)",
				);
				GCC_WARN_64_TO_32_BIT_CONVERSION = YES;
				GCC_WARN_ABOUT_RETURN_TYPE = YES_ERROR;
				GCC_WARN_UNDECLARED_SELECTOR = YES;
				GCC_WARN_UNINITIALIZED_AUTOS = YES_AGGRESSIVE;
				GCC_WARN_UNUSED_FUNCTION = YES;
				GCC_WARN_UNUSED_VARIABLE = YES;
				IPHONEOS_DEPLOYMENT_TARGET = 17.5;
				LOCALIZATION_PREFERS_STRING_CATALOGS = YES;
				MTL_ENABLE_DEBUG_INFO = INCLUDE_SOURCE;
				MTL_FAST_MATH = YES;
				ONLY_ACTIVE_ARCH = YES;
				SDKROOT = iphoneos;
				SWIFT_ACTIVE_COMPILATION_CONDITIONS = "DEBUG $(inherited)";
				SWIFT_OPTIMIZATION_LEVEL = "-Onone";
			};
			name = Debug;
		};
		20AACD042C0DF36000D97AB4 /* Release */ = {
			isa = XCBuildConfiguration;
			buildSettings = {
				ALWAYS_SEARCH_USER_PATHS = NO;
				ASSETCATALOG_COMPILER_GENERATE_SWIFT_ASSET_SYMBOL_EXTENSIONS = YES;
				CLANG_ANALYZER_NONNULL = YES;
				CLANG_ANALYZER_NUMBER_OBJECT_CONVERSION = YES_AGGRESSIVE;
				CLANG_CXX_LANGUAGE_STANDARD = "gnu++20";
				CLANG_ENABLE_MODULES = YES;
				CLANG_ENABLE_OBJC_ARC = YES;
				CLANG_ENABLE_OBJC_WEAK = YES;
				CLANG_WARN_BLOCK_CAPTURE_AUTORELEASING = YES;
				CLANG_WARN_BOOL_CONVERSION = YES;
				CLANG_WARN_COMMA = YES;
				CLANG_WARN_CONSTANT_CONVERSION = YES;
				CLANG_WARN_DEPRECATED_OBJC_IMPLEMENTATIONS = YES;
				CLANG_WARN_DIRECT_OBJC_ISA_USAGE = YES_ERROR;
				CLANG_WARN_DOCUMENTATION_COMMENTS = YES;
				CLANG_WARN_EMPTY_BODY = YES;
				CLANG_WARN_ENUM_CONVERSION = YES;
				CLANG_WARN_INFINITE_RECURSION = YES;
				CLANG_WARN_INT_CONVERSION = YES;
				CLANG_WARN_NON_LITERAL_NULL_CONVERSION = YES;
				CLANG_WARN_OBJC_IMPLICIT_RETAIN_SELF = YES;
				CLANG_WARN_OBJC_LITERAL_CONVERSION = YES;
				CLANG_WARN_OBJC_ROOT_CLASS = YES_ERROR;
				CLANG_WARN_QUOTED_INCLUDE_IN_FRAMEWORK_HEADER = YES;
				CLANG_WARN_RANGE_LOOP_ANALYSIS = YES;
				CLANG_WARN_STRICT_PROTOTYPES = YES;
				CLANG_WARN_SUSPICIOUS_MOVE = YES;
				CLANG_WARN_UNGUARDED_AVAILABILITY = YES_AGGRESSIVE;
				CLANG_WARN_UNREACHABLE_CODE = YES;
				CLANG_WARN__DUPLICATE_METHOD_MATCH = YES;
				COPY_PHASE_STRIP = NO;
				DEBUG_INFORMATION_FORMAT = "dwarf-with-dsym";
				ENABLE_NS_ASSERTIONS = NO;
				ENABLE_STRICT_OBJC_MSGSEND = YES;
				ENABLE_USER_SCRIPT_SANDBOXING = YES;
				GCC_C_LANGUAGE_STANDARD = gnu17;
				GCC_NO_COMMON_BLOCKS = YES;
				GCC_WARN_64_TO_32_BIT_CONVERSION = YES;
				GCC_WARN_ABOUT_RETURN_TYPE = YES_ERROR;
				GCC_WARN_UNDECLARED_SELECTOR = YES;
				GCC_WARN_UNINITIALIZED_AUTOS = YES_AGGRESSIVE;
				GCC_WARN_UNUSED_FUNCTION = YES;
				GCC_WARN_UNUSED_VARIABLE = YES;
				IPHONEOS_DEPLOYMENT_TARGET = 17.5;
				LOCALIZATION_PREFERS_STRING_CATALOGS = YES;
				MTL_ENABLE_DEBUG_INFO = NO;
				MTL_FAST_MATH = YES;
				SDKROOT = iphoneos;
				SWIFT_COMPILATION_MODE = wholemodule;
				VALIDATE_PRODUCT = YES;
			};
			name = Release;
		};
		20AACD062C0DF36000D97AB4 /* Debug */ = {
			isa = XCBuildConfiguration;
			buildSettings = {
				ASSETCATALOG_COMPILER_APPICON_NAME = AppIcon;
				ASSETCATALOG_COMPILER_GLOBAL_ACCENT_COLOR_NAME = AccentColor;
				CODE_SIGN_IDENTITY = "Apple Development";
				CODE_SIGN_STYLE = Automatic;
				CURRENT_PROJECT_VERSION = 1;
				DEVELOPMENT_ASSET_PATHS = "\"Chef’s Choice/Preview Content\"";
				DEVELOPMENT_TEAM = 4388DYHSZ6;
				ENABLE_PREVIEWS = YES;
				GENERATE_INFOPLIST_FILE = YES;
				INFOPLIST_KEY_UIApplicationSceneManifest_Generation = YES;
				INFOPLIST_KEY_UIApplicationSupportsIndirectInputEvents = YES;
				INFOPLIST_KEY_UILaunchScreen_Generation = YES;
				INFOPLIST_KEY_UISupportedInterfaceOrientations = UIInterfaceOrientationPortrait;
				INFOPLIST_KEY_UISupportedInterfaceOrientations_iPad = "UIInterfaceOrientationLandscapeLeft UIInterfaceOrientationLandscapeRight UIInterfaceOrientationPortrait UIInterfaceOrientationPortraitUpsideDown";
				IPHONEOS_DEPLOYMENT_TARGET = 17.1;
				LD_RUNPATH_SEARCH_PATHS = (
					"$(inherited)",
					"@executable_path/Frameworks",
				);
				MARKETING_VERSION = 1.0;
				PRODUCT_BUNDLE_IDENTIFIER = "KobelevaDaria.Chef-s-Choice";
				PRODUCT_NAME = "$(TARGET_NAME)";
				PROVISIONING_PROFILE_SPECIFIER = "";
				SUPPORTED_PLATFORMS = "iphoneos iphonesimulator";
				SUPPORTS_MACCATALYST = NO;
				SUPPORTS_MAC_DESIGNED_FOR_IPHONE_IPAD = NO;
				SUPPORTS_XR_DESIGNED_FOR_IPHONE_IPAD = NO;
				SWIFT_EMIT_LOC_STRINGS = YES;
				SWIFT_VERSION = 5.0;
				TARGETED_DEVICE_FAMILY = 1;
			};
			name = Debug;
		};
		20AACD072C0DF36000D97AB4 /* Release */ = {
			isa = XCBuildConfiguration;
			buildSettings = {
				ASSETCATALOG_COMPILER_APPICON_NAME = AppIcon;
				ASSETCATALOG_COMPILER_GLOBAL_ACCENT_COLOR_NAME = AccentColor;
				CODE_SIGN_IDENTITY = "Apple Development";
				CODE_SIGN_STYLE = Automatic;
				CURRENT_PROJECT_VERSION = 1;
				DEVELOPMENT_ASSET_PATHS = "\"Chef’s Choice/Preview Content\"";
				DEVELOPMENT_TEAM = 4388DYHSZ6;
				ENABLE_PREVIEWS = YES;
				GENERATE_INFOPLIST_FILE = YES;
				INFOPLIST_KEY_UIApplicationSceneManifest_Generation = YES;
				INFOPLIST_KEY_UIApplicationSupportsIndirectInputEvents = YES;
				INFOPLIST_KEY_UILaunchScreen_Generation = YES;
				INFOPLIST_KEY_UISupportedInterfaceOrientations = UIInterfaceOrientationPortrait;
				INFOPLIST_KEY_UISupportedInterfaceOrientations_iPad = "UIInterfaceOrientationLandscapeLeft UIInterfaceOrientationLandscapeRight UIInterfaceOrientationPortrait UIInterfaceOrientationPortraitUpsideDown";
				IPHONEOS_DEPLOYMENT_TARGET = 17.1;
				LD_RUNPATH_SEARCH_PATHS = (
					"$(inherited)",
					"@executable_path/Frameworks",
				);
				MARKETING_VERSION = 1.0;
				PRODUCT_BUNDLE_IDENTIFIER = "KobelevaDaria.Chef-s-Choice";
				PRODUCT_NAME = "$(TARGET_NAME)";
				PROVISIONING_PROFILE_SPECIFIER = "";
				SUPPORTED_PLATFORMS = "iphoneos iphonesimulator";
				SUPPORTS_MACCATALYST = NO;
				SUPPORTS_MAC_DESIGNED_FOR_IPHONE_IPAD = NO;
				SUPPORTS_XR_DESIGNED_FOR_IPHONE_IPAD = NO;
				SWIFT_EMIT_LOC_STRINGS = YES;
				SWIFT_VERSION = 5.0;
				TARGETED_DEVICE_FAMILY = 1;
			};
			name = Release;
		};
/* End XCBuildConfiguration section */

/* Begin XCConfigurationList section */
		20AACCF22C0DF35E00D97AB4 /* Build configuration list for PBXProject "Chef’s Choice" */ = {
			isa = XCConfigurationList;
			buildConfigurations = (
				20AACD032C0DF36000D97AB4 /* Debug */,
				20AACD042C0DF36000D97AB4 /* Release */,
			);
			defaultConfigurationIsVisible = 0;
			defaultConfigurationName = Release;
		};
		20AACD052C0DF36000D97AB4 /* Build configuration list for PBXNativeTarget "Chef’s Choice" */ = {
			isa = XCConfigurationList;
			buildConfigurations = (
				20AACD062C0DF36000D97AB4 /* Debug */,
				20AACD072C0DF36000D97AB4 /* Release */,
			);
			defaultConfigurationIsVisible = 0;
			defaultConfigurationName = Release;
		};
/* End XCConfigurationList section */

/* Begin XCRemoteSwiftPackageReference section */
		20C9F54F2C2990EC00C048F5 /* XCRemoteSwiftPackageReference "Kingfisher" */ = {
			isa = XCRemoteSwiftPackageReference;
			repositoryURL = "https://github.com/onevcat/Kingfisher";
			requirement = {
				kind = upToNextMajorVersion;
				minimumVersion = 7.12.0;
			};
		};
/* End XCRemoteSwiftPackageReference section */

/* Begin XCSwiftPackageProductDependency section */
		20C9F5502C2990EC00C048F5 /* Kingfisher */ = {
			isa = XCSwiftPackageProductDependency;
			package = 20C9F54F2C2990EC00C048F5 /* XCRemoteSwiftPackageReference "Kingfisher" */;
			productName = Kingfisher;
		};
/* End XCSwiftPackageProductDependency section */
	};
	rootObject = 20AACCEF2C0DF35E00D97AB4 /* Project object */;
}
